
Microsoft Visual Studio Solution File, Format Version 12.00
# Visual Studio Version 16
VisualStudioVersion = 16.0.30204.135
MinimumVisualStudioVersion = 10.0.40219.1
Project("{FAE04EC0-301F-11D3-BF4B-00C04F79EFBC}") = "Zaznaczenie", "Zaznaczenie\Zaznaczenie.csproj", "{F2EF713F-44CB-48C9-BE59-3BD9CF61DCE4}"
EndProject
Project("{FAE04EC0-301F-11D3-BF4B-00C04F79EFBC}") = "Wyszukiwarka", "Wyszukiwarka\Wyszukiwarka.csproj", "{D4A5EABE-390B-49E6-AC93-185A545094CC}"
EndProject
Global
	GlobalSection(SolutionConfigurationPlatforms) = preSolution
		Debug|Any CPU = Debug|Any CPU
		Release|Any CPU = Release|Any CPU
	EndGlobalSection
	GlobalSection(ProjectConfigurationPlatforms) = postSolution
		{F2EF713F-44CB-48C9-BE59-3BD9CF61DCE4}.Debug|Any CPU.ActiveCfg = Debug|Any CPU
		{F2EF713F-44CB-48C9-BE59-3BD9CF61DCE4}.Debug|Any CPU.Build.0 = Debug|Any CPU
		{F2EF713F-44CB-48C9-BE59-3BD9CF61DCE4}.Release|Any CPU.ActiveCfg = Release|Any CPU
		{F2EF713F-44CB-48C9-BE59-3BD9CF61DCE4}.Release|Any CPU.Build.0 = Release|Any CPU
		{D4A5EABE-390B-49E6-AC93-185A545094CC}.Debug|Any CPU.ActiveCfg = Debug|Any CPU
		{D4A5EABE-390B-49E6-AC93-185A545094CC}.Debug|Any CPU.Build.0 = Debug|Any CPU
		{D4A5EABE-390B-49E6-AC93-185A545094CC}.Release|Any CPU.ActiveCfg = Release|Any CPU
		{D4A5EABE-390B-49E6-AC93-185A545094CC}.Release|Any CPU.Build.0 = Release|Any CPU
	EndGlobalSection
	GlobalSection(SolutionProperties) = preSolution
		HideSolutionNode = FALSE
	EndGlobalSection
	GlobalSection(ExtensibilityGlobals) = postSolution
		SolutionGuid = {9EB97A47-343A-4A8B-9D6E-2E721539663D}
	EndGlobalSection
EndGlobal
